
Microsoft Visual Studio Solution File, Format Version 12.00
# Visual Studio Version 17
VisualStudioVersion = 17.1.32210.238
MinimumVisualStudioVersion = 10.0.40219.1
Project("{FAE04EC0-301F-11D3-BF4B-00C04F79EFBC}") = "WeekendsDay7", "WeekendsDay7\WeekendsDay7.csproj", "{ECF6197A-5967-456A-A500-88F81BFB1978}"
EndProject
Global
	GlobalSection(SolutionConfigurationPlatforms) = preSolution
		Debug|Any CPU = Debug|Any CPU
		Release|Any CPU = Release|Any CPU
	EndGlobalSection
	GlobalSection(ProjectConfigurationPlatforms) = postSolution
		{ECF6197A-5967-456A-A500-88F81BFB1978}.Debug|Any CPU.ActiveCfg = Debug|Any CPU
		{ECF6197A-5967-456A-A500-88F81BFB1978}.Debug|Any CPU.Build.0 = Debug|Any CPU
		{ECF6197A-5967-456A-A500-88F81BFB1978}.Release|Any CPU.ActiveCfg = Release|Any CPU
		{ECF6197A-5967-456A-A500-88F81BFB1978}.Release|Any CPU.Build.0 = Release|Any CPU
	EndGlobalSection
	GlobalSection(SolutionProperties) = preSolution
		HideSolutionNode = FALSE
	EndGlobalSection
	GlobalSection(ExtensibilityGlobals) = postSolution
		SolutionGuid = {72B6D4A0-CD47-48AB-8ECC-4196CBB709E1}
	EndGlobalSection
EndGlobal
